
Microsoft Visual Studio Solution File, Format Version 12.00
# Visual Studio 15
VisualStudioVersion = 15.0.26430.14
MinimumVisualStudioVersion = 10.0.40219.1
Project("{FAE04EC0-301F-11D3-BF4B-00C04F79EFBC}") = "ShortSpaces", "ShortSpaces\ShortSpaces.csproj", "{4637AF8E-B7CF-42BD-B5F9-9AEC5251D08B}"
EndProject
Global
	GlobalSection(SolutionConfigurationPlatforms) = preSolution
		Debug|Any CPU = Debug|Any CPU
		Release|Any CPU = Release|Any CPU
	EndGlobalSection
	GlobalSection(ProjectConfigurationPlatforms) = postSolution
		{4637AF8E-B7CF-42BD-B5F9-9AEC5251D08B}.Debug|Any CPU.ActiveCfg = Debug|Any CPU
		{4637AF8E-B7CF-42BD-B5F9-9AEC5251D08B}.Debug|Any CPU.Build.0 = Debug|Any CPU
		{4637AF8E-B7CF-42BD-B5F9-9AEC5251D08B}.Release|Any CPU.ActiveCfg = Release|Any CPU
		{4637AF8E-B7CF-42BD-B5F9-9AEC5251D08B}.Release|Any CPU.Build.0 = Release|Any CPU
	EndGlobalSection
	GlobalSection(SolutionProperties) = preSolution
		HideSolutionNode = FALSE
	EndGlobalSection
EndGlobal
